
Microsoft Visual Studio Solution File, Format Version 12.00
# Visual Studio Version 17
VisualStudioVersion = 17.5.002.0
MinimumVisualStudioVersion = 10.0.40219.1
Project("{9A19103F-16F7-4668-BE54-9A1E7A4F7556}") = "derbystats-export", "lambdas\derbystats-export\src\derbystats-export.csproj", "{40DEF078-2DF2-4BAF-AB5C-BF8E6B017534}"
EndProject
Project("{C4CB9020-DB4B-46BB-A74E-097EFBDD258F}") = "derbystats-blank-stats", "lambdas\derbystats-blank-stats\src\derbystats-blank-stats.csproj", "{83D1C0D7-D3C9-4FBB-A6F6-ABF45AA97F8F}"
EndProject
Global
	GlobalSection(SolutionConfigurationPlatforms) = preSolution
		Debug|Any CPU = Debug|Any CPU
		Release|Any CPU = Release|Any CPU
	EndGlobalSection
	GlobalSection(ProjectConfigurationPlatforms) = postSolution
		{40DEF078-2DF2-4BAF-AB5C-BF8E6B017534}.Debug|Any CPU.ActiveCfg = Debug|Any CPU
		{40DEF078-2DF2-4BAF-AB5C-BF8E6B017534}.Debug|Any CPU.Build.0 = Debug|Any CPU
		{40DEF078-2DF2-4BAF-AB5C-BF8E6B017534}.Release|Any CPU.ActiveCfg = Release|Any CPU
		{40DEF078-2DF2-4BAF-AB5C-BF8E6B017534}.Release|Any CPU.Build.0 = Release|Any CPU
		{83D1C0D7-D3C9-4FBB-A6F6-ABF45AA97F8F}.Debug|Any CPU.ActiveCfg = Debug|Any CPU
		{83D1C0D7-D3C9-4FBB-A6F6-ABF45AA97F8F}.Debug|Any CPU.Build.0 = Debug|Any CPU
		{83D1C0D7-D3C9-4FBB-A6F6-ABF45AA97F8F}.Release|Any CPU.ActiveCfg = Release|Any CPU
		{83D1C0D7-D3C9-4FBB-A6F6-ABF45AA97F8F}.Release|Any CPU.Build.0 = Release|Any CPU
	EndGlobalSection
	GlobalSection(SolutionProperties) = preSolution
		HideSolutionNode = FALSE
	EndGlobalSection
	GlobalSection(ExtensibilityGlobals) = postSolution
		SolutionGuid = {91C6E8BB-28D1-4492-832E-620569FD86F9}
	EndGlobalSection
EndGlobal
